
Microsoft Visual Studio Solution File, Format Version 12.00
# Visual Studio 14
VisualStudioVersion = 14.0.25420.1
MinimumVisualStudioVersion = 10.0.40219.1
Project("{D954291E-2A0B-460D-934E-DC6B0785DB48}") = "Weird_Error", "Weird Error\Weird_Error\Weird_Error.shproj", "{D0DA8876-8A99-466F-A93D-ADBAC14B2C40}"
EndProject
Project("{FAE04EC0-301F-11D3-BF4B-00C04F79EFBC}") = "Weird_Error.Android", "Weird Error\Weird_Error.Android\Weird_Error.Android.csproj", "{79E66CAD-61DC-4B67-ABF2-AC5A6039A2C0}"
EndProject
Project("{FAE04EC0-301F-11D3-BF4B-00C04F79EFBC}") = "Weird_Error.iOS", "Weird Error\Weird_Error.iOS\Weird_Error.iOS.csproj", "{D115063D-8FD8-45A5-8B1D-C9CF9430652E}"
EndProject
Project("{FAE04EC0-301F-11D3-BF4B-00C04F79EFBC}") = "Weird_Error.UWP", "Weird Error\Weird_Error.UWP\Weird_Error.UWP.csproj", "{A2E7F712-6FBB-4BA9-A1B0-9387E6471443}"
EndProject
Global
	GlobalSection(SharedMSBuildProjectFiles) = preSolution
		Weird Error\Weird_Error\Weird_Error.projitems*{79e66cad-61dc-4b67-abf2-ac5a6039a2c0}*SharedItemsImports = 4
		Weird Error\Weird_Error\Weird_Error.projitems*{a2e7f712-6fbb-4ba9-a1b0-9387e6471443}*SharedItemsImports = 4
		Weird Error\Weird_Error\Weird_Error.projitems*{d0da8876-8a99-466f-a93d-adbac14b2c40}*SharedItemsImports = 13
		Weird Error\Weird_Error\Weird_Error.projitems*{d115063d-8fd8-45a5-8b1d-c9cf9430652e}*SharedItemsImports = 4
	EndGlobalSection
	GlobalSection(SolutionConfigurationPlatforms) = preSolution
		Ad-Hoc|Any CPU = Ad-Hoc|Any CPU
		Ad-Hoc|ARM = Ad-Hoc|ARM
		Ad-Hoc|iPhone = Ad-Hoc|iPhone
		Ad-Hoc|iPhoneSimulator = Ad-Hoc|iPhoneSimulator
		Ad-Hoc|x64 = Ad-Hoc|x64
		Ad-Hoc|x86 = Ad-Hoc|x86
		AppStore|Any CPU = AppStore|Any CPU
		AppStore|ARM = AppStore|ARM
		AppStore|iPhone = AppStore|iPhone
		AppStore|iPhoneSimulator = AppStore|iPhoneSimulator
		AppStore|x64 = AppStore|x64
		AppStore|x86 = AppStore|x86
		Debug|Any CPU = Debug|Any CPU
		Debug|ARM = Debug|ARM
		Debug|iPhone = Debug|iPhone
		Debug|iPhoneSimulator = Debug|iPhoneSimulator
		Debug|x64 = Debug|x64
		Debug|x86 = Debug|x86
		Release|Any CPU = Release|Any CPU
		Release|ARM = Release|ARM
		Release|iPhone = Release|iPhone
		Release|iPhoneSimulator = Release|iPhoneSimulator
		Release|x64 = Release|x64
		Release|x86 = Release|x86
	EndGlobalSection
	GlobalSection(ProjectConfigurationPlatforms) = postSolution
		{79E66CAD-61DC-4B67-ABF2-AC5A6039A2C0}.Ad-Hoc|Any CPU.ActiveCfg = Release|Any CPU
		{79E66CAD-61DC-4B67-ABF2-AC5A6039A2C0}.Ad-Hoc|Any CPU.Build.0 = Release|Any CPU
		{79E66CAD-61DC-4B67-ABF2-AC5A6039A2C0}.Ad-Hoc|Any CPU.Deploy.0 = Release|Any CPU
		{79E66CAD-61DC-4B67-ABF2-AC5A6039A2C0}.Ad-Hoc|ARM.ActiveCfg = Release|Any CPU
		{79E66CAD-61DC-4B67-ABF2-AC5A6039A2C0}.Ad-Hoc|ARM.Build.0 = Release|Any CPU
		{79E66CAD-61DC-4B67-ABF2-AC5A6039A2C0}.Ad-Hoc|ARM.Deploy.0 = Release|Any CPU
		{79E66CAD-61DC-4B67-ABF2-AC5A6039A2C0}.Ad-Hoc|iPhone.ActiveCfg = Release|Any CPU
		{79E66CAD-61DC-4B67-ABF2-AC5A6039A2C0}.Ad-Hoc|iPhone.Build.0 = Release|Any CPU
		{79E66CAD-61DC-4B67-ABF2-AC5A6039A2C0}.Ad-Hoc|iPhone.Deploy.0 = Release|Any CPU
		{79E66CAD-61DC-4B67-ABF2-AC5A6039A2C0}.Ad-Hoc|iPhoneSimulator.ActiveCfg = Release|Any CPU
		{79E66CAD-61DC-4B67-ABF2-AC5A6039A2C0}.Ad-Hoc|iPhoneSimulator.Build.0 = Release|Any CPU
		{79E66CAD-61DC-4B67-ABF2-AC5A6039A2C0}.Ad-Hoc|iPhoneSimulator.Deploy.0 = Release|Any CPU
		{79E66CAD-61DC-4B67-ABF2-AC5A6039A2C0}.Ad-Hoc|x64.ActiveCfg = Release|Any CPU
		{79E66CAD-61DC-4B67-ABF2-AC5A6039A2C0}.Ad-Hoc|x64.Build.0 = Release|Any CPU
		{79E66CAD-61DC-4B67-ABF2-AC5A6039A2C0}.Ad-Hoc|x64.Deploy.0 = Release|Any CPU
		{79E66CAD-61DC-4B67-ABF2-AC5A6039A2C0}.Ad-Hoc|x86.ActiveCfg = Release|Any CPU
		{79E66CAD-61DC-4B67-ABF2-AC5A6039A2C0}.Ad-Hoc|x86.Build.0 = Release|Any CPU
		{79E66CAD-61DC-4B67-ABF2-AC5A6039A2C0}.Ad-Hoc|x86.Deploy.0 = Release|Any CPU
		{79E66CAD-61DC-4B67-ABF2-AC5A6039A2C0}.AppStore|Any CPU.ActiveCfg = Release|Any CPU
		{79E66CAD-61DC-4B67-ABF2-AC5A6039A2C0}.AppStore|Any CPU.Build.0 = Release|Any CPU
		{79E66CAD-61DC-4B67-ABF2-AC5A6039A2C0}.AppStore|Any CPU.Deploy.0 = Release|Any CPU
		{79E66CAD-61DC-4B67-ABF2-AC5A6039A2C0}.AppStore|ARM.ActiveCfg = Release|Any CPU
		{79E66CAD-61DC-4B67-ABF2-AC5A6039A2C0}.AppStore|ARM.Build.0 = Release|Any CPU
		{79E66CAD-61DC-4B67-ABF2-AC5A6039A2C0}.AppStore|ARM.Deploy.0 = Release|Any CPU
		{79E66CAD-61DC-4B67-ABF2-AC5A6039A2C0}.AppStore|iPhone.ActiveCfg = Release|Any CPU
		{79E66CAD-61DC-4B67-ABF2-AC5A6039A2C0}.AppStore|iPhone.Build.0 = Release|Any CPU
		{79E66CAD-61DC-4B67-ABF2-AC5A6039A2C0}.AppStore|iPhone.Deploy.0 = Release|Any CPU
		{79E66CAD-61DC-4B67-ABF2-AC5A6039A2C0}.AppStore|iPhoneSimulator.ActiveCfg = Release|Any CPU
		{79E66CAD-61DC-4B67-ABF2-AC5A6039A2C0}.AppStore|iPhoneSimulator.Build.0 = Release|Any CPU
		{79E66CAD-61DC-4B67-ABF2-AC5A6039A2C0}.AppStore|iPhoneSimulator.Deploy.0 = Release|Any CPU
		{79E66CAD-61DC-4B67-ABF2-AC5A6039A2C0}.AppStore|x64.ActiveCfg = Release|Any CPU
		{79E66CAD-61DC-4B67-ABF2-AC5A6039A2C0}.AppStore|x64.Build.0 = Release|Any CPU
		{79E66CAD-61DC-4B67-ABF2-AC5A6039A2C0}.AppStore|x64.Deploy.0 = Release|Any CPU
		{79E66CAD-61DC-4B67-ABF2-AC5A6039A2C0}.AppStore|x86.ActiveCfg = Release|Any CPU
		{79E66CAD-61DC-4B67-ABF2-AC5A6039A2C0}.AppStore|x86.Build.0 = Release|Any CPU
		{79E66CAD-61DC-4B67-ABF2-AC5A6039A2C0}.AppStore|x86.Deploy.0 = Release|Any CPU
		{79E66CAD-61DC-4B67-ABF2-AC5A6039A2C0}.Debug|Any CPU.ActiveCfg = Debug|Any CPU
		{79E66CAD-61DC-4B67-ABF2-AC5A6039A2C0}.Debug|Any CPU.Build.0 = Debug|Any CPU
		{79E66CAD-61DC-4B67-ABF2-AC5A6039A2C0}.Debug|Any CPU.Deploy.0 = Debug|Any CPU
		{79E66CAD-61DC-4B67-ABF2-AC5A6039A2C0}.Debug|ARM.ActiveCfg = Debug|Any CPU
		{79E66CAD-61DC-4B67-ABF2-AC5A6039A2C0}.Debug|ARM.Build.0 = Debug|Any CPU
		{79E66CAD-61DC-4B67-ABF2-AC5A6039A2C0}.Debug|ARM.Deploy.0 = Debug|Any CPU
		{79E66CAD-61DC-4B67-ABF2-AC5A6039A2C0}.Debug|iPhone.ActiveCfg = Debug|Any CPU
		{79E66CAD-61DC-4B67-ABF2-AC5A6039A2C0}.Debug|iPhone.Build.0 = Debug|Any CPU
		{79E66CAD-61DC-4B67-ABF2-AC5A6039A2C0}.Debug|iPhone.Deploy.0 = Debug|Any CPU
		{79E66CAD-61DC-4B67-ABF2-AC5A6039A2C0}.Debug|iPhoneSimulator.ActiveCfg = Debug|Any CPU
		{79E66CAD-61DC-4B67-ABF2-AC5A6039A2C0}.Debug|iPhoneSimulator.Build.0 = Debug|Any CPU
		{79E66CAD-61DC-4B67-ABF2-AC5A6039A2C0}.Debug|iPhoneSimulator.Deploy.0 = Debug|Any CPU
		{79E66CAD-61DC-4B67-ABF2-AC5A6039A2C0}.Debug|x64.ActiveCfg = Debug|Any CPU
		{79E66CAD-61DC-4B67-ABF2-AC5A6039A2C0}.Debug|x64.Build.0 = Debug|Any CPU
		{79E66CAD-61DC-4B67-ABF2-AC5A6039A2C0}.Debug|x64.Deploy.0 = Debug|Any CPU
		{79E66CAD-61DC-4B67-ABF2-AC5A6039A2C0}.Debug|x86.ActiveCfg = Debug|Any CPU
		{79E66CAD-61DC-4B67-ABF2-AC5A6039A2C0}.Debug|x86.Build.0 = Debug|Any CPU
		{79E66CAD-61DC-4B67-ABF2-AC5A6039A2C0}.Debug|x86.Deploy.0 = Debug|Any CPU
		{79E66CAD-61DC-4B67-ABF2-AC5A6039A2C0}.Release|Any CPU.ActiveCfg = Release|Any CPU
		{79E66CAD-61DC-4B67-ABF2-AC5A6039A2C0}.Release|Any CPU.Build.0 = Release|Any CPU
		{79E66CAD-61DC-4B67-ABF2-AC5A6039A2C0}.Release|Any CPU.Deploy.0 = Release|Any CPU
		{79E66CAD-61DC-4B67-ABF2-AC5A6039A2C0}.Release|ARM.ActiveCfg = Release|Any CPU
		{79E66CAD-61DC-4B67-ABF2-AC5A6039A2C0}.Release|ARM.Build.0 = Release|Any CPU
		{79E66CAD-61DC-4B67-ABF2-AC5A6039A2C0}.Release|ARM.Deploy.0 = Release|Any CPU
		{79E66CAD-61DC-4B67-ABF2-AC5A6039A2C0}.Release|iPhone.ActiveCfg = Release|Any CPU
		{79E66CAD-61DC-4B67-ABF2-AC5A6039A2C0}.Release|iPhone.Build.0 = Release|Any CPU
		{79E66CAD-61DC-4B67-ABF2-AC5A6039A2C0}.Release|iPhone.Deploy.0 = Release|Any CPU
		{79E66CAD-61DC-4B67-ABF2-AC5A6039A2C0}.Release|iPhoneSimulator.ActiveCfg = Release|Any CPU
		{79E66CAD-61DC-4B67-ABF2-AC5A6039A2C0}.Release|iPhoneSimulator.Build.0 = Release|Any CPU
		{79E66CAD-61DC-4B67-ABF2-AC5A6039A2C0}.Release|iPhoneSimulator.Deploy.0 = Release|Any CPU
		{79E66CAD-61DC-4B67-ABF2-AC5A6039A2C0}.Release|x64.ActiveCfg = Release|Any CPU
		{79E66CAD-61DC-4B67-ABF2-AC5A6039A2C0}.Release|x64.Build.0 = Release|Any CPU
		{79E66CAD-61DC-4B67-ABF2-AC5A6039A2C0}.Release|x64.Deploy.0 = Release|Any CPU
		{79E66CAD-61DC-4B67-ABF2-AC5A6039A2C0}.Release|x86.ActiveCfg = Release|Any CPU
		{79E66CAD-61DC-4B67-ABF2-AC5A6039A2C0}.Release|x86.Build.0 = Release|Any CPU
		{79E66CAD-61DC-4B67-ABF2-AC5A6039A2C0}.Release|x86.Deploy.0 = Release|Any CPU
		{D115063D-8FD8-45A5-8B1D-C9CF9430652E}.Ad-Hoc|Any CPU.ActiveCfg = Ad-Hoc|iPhone
		{D115063D-8FD8-45A5-8B1D-C9CF9430652E}.Ad-Hoc|ARM.ActiveCfg = Ad-Hoc|iPhone
		{D115063D-8FD8-45A5-8B1D-C9CF9430652E}.Ad-Hoc|iPhone.ActiveCfg = Ad-Hoc|iPhone
		{D115063D-8FD8-45A5-8B1D-C9CF9430652E}.Ad-Hoc|iPhone.Build.0 = Ad-Hoc|iPhone
		{D115063D-8FD8-45A5-8B1D-C9CF9430652E}.Ad-Hoc|iPhoneSimulator.ActiveCfg = Ad-Hoc|iPhoneSimulator
		{D115063D-8FD8-45A5-8B1D-C9CF9430652E}.Ad-Hoc|iPhoneSimulator.Build.0 = Ad-Hoc|iPhoneSimulator
		{D115063D-8FD8-45A5-8B1D-C9CF9430652E}.Ad-Hoc|x64.ActiveCfg = Ad-Hoc|iPhone
		{D115063D-8FD8-45A5-8B1D-C9CF9430652E}.Ad-Hoc|x86.ActiveCfg = Ad-Hoc|iPhone
		{D115063D-8FD8-45A5-8B1D-C9CF9430652E}.AppStore|Any CPU.ActiveCfg = AppStore|iPhone
		{D115063D-8FD8-45A5-8B1D-C9CF9430652E}.AppStore|ARM.ActiveCfg = AppStore|iPhone
		{D115063D-8FD8-45A5-8B1D-C9CF9430652E}.AppStore|iPhone.ActiveCfg = AppStore|iPhone
		{D115063D-8FD8-45A5-8B1D-C9CF9430652E}.AppStore|iPhone.Build.0 = AppStore|iPhone
		{D115063D-8FD8-45A5-8B1D-C9CF9430652E}.AppStore|iPhoneSimulator.ActiveCfg = AppStore|iPhoneSimulator
		{D115063D-8FD8-45A5-8B1D-C9CF9430652E}.AppStore|iPhoneSimulator.Build.0 = AppStore|iPhoneSimulator
		{D115063D-8FD8-45A5-8B1D-C9CF9430652E}.AppStore|x64.ActiveCfg = AppStore|iPhone
		{D115063D-8FD8-45A5-8B1D-C9CF9430652E}.AppStore|x86.ActiveCfg = AppStore|iPhone
		{D115063D-8FD8-45A5-8B1D-C9CF9430652E}.Debug|Any CPU.ActiveCfg = Debug|iPhone
		{D115063D-8FD8-45A5-8B1D-C9CF9430652E}.Debug|ARM.ActiveCfg = Debug|iPhone
		{D115063D-8FD8-45A5-8B1D-C9CF9430652E}.Debug|iPhone.ActiveCfg = Debug|iPhone
		{D115063D-8FD8-45A5-8B1D-C9CF9430652E}.Debug|iPhone.Build.0 = Debug|iPhone
		{D115063D-8FD8-45A5-8B1D-C9CF9430652E}.Debug|iPhoneSimulator.ActiveCfg = Debug|iPhoneSimulator
		{D115063D-8FD8-45A5-8B1D-C9CF9430652E}.Debug|iPhoneSimulator.Build.0 = Debug|iPhoneSimulator
		{D115063D-8FD8-45A5-8B1D-C9CF9430652E}.Debug|x64.ActiveCfg = Debug|iPhone
		{D115063D-8FD8-45A5-8B1D-C9CF9430652E}.Debug|x86.ActiveCfg = Debug|iPhone
		{D115063D-8FD8-45A5-8B1D-C9CF9430652E}.Release|Any CPU.ActiveCfg = Release|iPhone
		{D115063D-8FD8-45A5-8B1D-C9CF9430652E}.Release|ARM.ActiveCfg = Release|iPhone
		{D115063D-8FD8-45A5-8B1D-C9CF9430652E}.Release|iPhone.ActiveCfg = Release|iPhone
		{D115063D-8FD8-45A5-8B1D-C9CF9430652E}.Release|iPhone.Build.0 = Release|iPhone
		{D115063D-8FD8-45A5-8B1D-C9CF9430652E}.Release|iPhoneSimulator.ActiveCfg = Release|iPhoneSimulator
		{D115063D-8FD8-45A5-8B1D-C9CF9430652E}.Release|iPhoneSimulator.Build.0 = Release|iPhoneSimulator
		{D115063D-8FD8-45A5-8B1D-C9CF9430652E}.Release|x64.ActiveCfg = Release|iPhone
		{D115063D-8FD8-45A5-8B1D-C9CF9430652E}.Release|x86.ActiveCfg = Release|iPhone
		{A2E7F712-6FBB-4BA9-A1B0-9387E6471443}.Ad-Hoc|Any CPU.ActiveCfg = Release|x86
		{A2E7F712-6FBB-4BA9-A1B0-9387E6471443}.Ad-Hoc|Any CPU.Build.0 = Release|x86
		{A2E7F712-6FBB-4BA9-A1B0-9387E6471443}.Ad-Hoc|Any CPU.Deploy.0 = Release|x86
		{A2E7F712-6FBB-4BA9-A1B0-9387E6471443}.Ad-Hoc|ARM.ActiveCfg = Release|ARM
		{A2E7F712-6FBB-4BA9-A1B0-9387E6471443}.Ad-Hoc|ARM.Build.0 = Release|ARM
		{A2E7F712-6FBB-4BA9-A1B0-9387E6471443}.Ad-Hoc|ARM.Deploy.0 = Release|ARM
		{A2E7F712-6FBB-4BA9-A1B0-9387E6471443}.Ad-Hoc|iPhone.ActiveCfg = Release|x86
		{A2E7F712-6FBB-4BA9-A1B0-9387E6471443}.Ad-Hoc|iPhone.Build.0 = Release|x86
		{A2E7F712-6FBB-4BA9-A1B0-9387E6471443}.Ad-Hoc|iPhone.Deploy.0 = Release|x86
		{A2E7F712-6FBB-4BA9-A1B0-9387E6471443}.Ad-Hoc|iPhoneSimulator.ActiveCfg = Release|x86
		{A2E7F712-6FBB-4BA9-A1B0-9387E6471443}.Ad-Hoc|iPhoneSimulator.Build.0 = Release|x86
		{A2E7F712-6FBB-4BA9-A1B0-9387E6471443}.Ad-Hoc|iPhoneSimulator.Deploy.0 = Release|x86
		{A2E7F712-6FBB-4BA9-A1B0-9387E6471443}.Ad-Hoc|x64.ActiveCfg = Release|x64
		{A2E7F712-6FBB-4BA9-A1B0-9387E6471443}.Ad-Hoc|x64.Build.0 = Release|x64
		{A2E7F712-6FBB-4BA9-A1B0-9387E6471443}.Ad-Hoc|x64.Deploy.0 = Release|x64
		{A2E7F712-6FBB-4BA9-A1B0-9387E6471443}.Ad-Hoc|x86.ActiveCfg = Release|x86
		{A2E7F712-6FBB-4BA9-A1B0-9387E6471443}.Ad-Hoc|x86.Build.0 = Release|x86
		{A2E7F712-6FBB-4BA9-A1B0-9387E6471443}.Ad-Hoc|x86.Deploy.0 = Release|x86
		{A2E7F712-6FBB-4BA9-A1B0-9387E6471443}.AppStore|Any CPU.ActiveCfg = Release|x86
		{A2E7F712-6FBB-4BA9-A1B0-9387E6471443}.AppStore|Any CPU.Build.0 = Release|x86
		{A2E7F712-6FBB-4BA9-A1B0-9387E6471443}.AppStore|Any CPU.Deploy.0 = Release|x86
		{A2E7F712-6FBB-4BA9-A1B0-9387E6471443}.AppStore|ARM.ActiveCfg = Release|ARM
		{A2E7F712-6FBB-4BA9-A1B0-9387E6471443}.AppStore|ARM.Build.0 = Release|ARM
		{A2E7F712-6FBB-4BA9-A1B0-9387E6471443}.AppStore|ARM.Deploy.0 = Release|ARM
		{A2E7F712-6FBB-4BA9-A1B0-9387E6471443}.AppStore|iPhone.ActiveCfg = Release|x86
		{A2E7F712-6FBB-4BA9-A1B0-9387E6471443}.AppStore|iPhone.Build.0 = Release|x86
		{A2E7F712-6FBB-4BA9-A1B0-9387E6471443}.AppStore|iPhone.Deploy.0 = Release|x86
		{A2E7F712-6FBB-4BA9-A1B0-9387E6471443}.AppStore|iPhoneSimulator.ActiveCfg = Release|x86
		{A2E7F712-6FBB-4BA9-A1B0-9387E6471443}.AppStore|iPhoneSimulator.Build.0 = Release|x86
		{A2E7F712-6FBB-4BA9-A1B0-9387E6471443}.AppStore|iPhoneSimulator.Deploy.0 = Release|x86
		{A2E7F712-6FBB-4BA9-A1B0-9387E6471443}.AppStore|x64.ActiveCfg = Release|x64
		{A2E7F712-6FBB-4BA9-A1B0-9387E6471443}.AppStore|x64.Build.0 = Release|x64
		{A2E7F712-6FBB-4BA9-A1B0-9387E6471443}.AppStore|x64.Deploy.0 = Release|x64
		{A2E7F712-6FBB-4BA9-A1B0-9387E6471443}.AppStore|x86.ActiveCfg = Release|x86
		{A2E7F712-6FBB-4BA9-A1B0-9387E6471443}.AppStore|x86.Build.0 = Release|x86
		{A2E7F712-6FBB-4BA9-A1B0-9387E6471443}.AppStore|x86.Deploy.0 = Release|x86
		{A2E7F712-6FBB-4BA9-A1B0-9387E6471443}.Debug|Any CPU.ActiveCfg = Debug|x86
		{A2E7F712-6FBB-4BA9-A1B0-9387E6471443}.Debug|ARM.ActiveCfg = Debug|ARM
		{A2E7F712-6FBB-4BA9-A1B0-9387E6471443}.Debug|ARM.Build.0 = Debug|ARM
		{A2E7F712-6FBB-4BA9-A1B0-9387E6471443}.Debug|ARM.Deploy.0 = Debug|ARM
		{A2E7F712-6FBB-4BA9-A1B0-9387E6471443}.Debug|iPhone.ActiveCfg = Debug|x86
		{A2E7F712-6FBB-4BA9-A1B0-9387E6471443}.Debug|iPhoneSimulator.ActiveCfg = Debug|x86
		{A2E7F712-6FBB-4BA9-A1B0-9387E6471443}.Debug|x64.ActiveCfg = Debug|x64
		{A2E7F712-6FBB-4BA9-A1B0-9387E6471443}.Debug|x64.Build.0 = Debug|x64
		{A2E7F712-6FBB-4BA9-A1B0-9387E6471443}.Debug|x64.Deploy.0 = Debug|x64
		{A2E7F712-6FBB-4BA9-A1B0-9387E6471443}.Debug|x86.ActiveCfg = Debug|x86
		{A2E7F712-6FBB-4BA9-A1B0-9387E6471443}.Debug|x86.Build.0 = Debug|x86
		{A2E7F712-6FBB-4BA9-A1B0-9387E6471443}.Debug|x86.Deploy.0 = Debug|x86
		{A2E7F712-6FBB-4BA9-A1B0-9387E6471443}.Release|Any CPU.ActiveCfg = Release|x86
		{A2E7F712-6FBB-4BA9-A1B0-9387E6471443}.Release|ARM.ActiveCfg = Release|ARM
		{A2E7F712-6FBB-4BA9-A1B0-9387E6471443}.Release|ARM.Build.0 = Release|ARM
		{A2E7F712-6FBB-4BA9-A1B0-9387E6471443}.Release|ARM.Deploy.0 = Release|ARM
		{A2E7F712-6FBB-4BA9-A1B0-9387E6471443}.Release|iPhone.ActiveCfg = Release|x86
		{A2E7F712-6FBB-4BA9-A1B0-9387E6471443}.Release|iPhoneSimulator.ActiveCfg = Release|x86
		{A2E7F712-6FBB-4BA9-A1B0-9387E6471443}.Release|x64.ActiveCfg = Release|x64
		{A2E7F712-6FBB-4BA9-A1B0-9387E6471443}.Release|x64.Build.0 = Release|x64
		{A2E7F712-6FBB-4BA9-A1B0-9387E6471443}.Release|x64.Deploy.0 = Release|x64
		{A2E7F712-6FBB-4BA9-A1B0-9387E6471443}.Release|x86.ActiveCfg = Release|x86
		{A2E7F712-6FBB-4BA9-A1B0-9387E6471443}.Release|x86.Build.0 = Release|x86
		{A2E7F712-6FBB-4BA9-A1B0-9387E6471443}.Release|x86.Deploy.0 = Release|x86
	EndGlobalSection
	GlobalSection(SolutionProperties) = preSolution
		HideSolutionNode = FALSE
	EndGlobalSection
EndGlobal
